PODS:
  - Flutter (1.0.0)
  - FlutterPluginRegistrant (0.0.1):
    - Flutter
    - fluttertoast
    - mybatteryplugin
  - fluttertoast (0.0.2):
    - Flutter
    - Toast
  - mybatteryplugin (0.0.1):
    - Flutter
  - Toast (4.1.1)

DEPENDENCIES:
  - Flutter (from `../flutter_module/.ios/Flutter`)
  - FlutterPluginRegistrant (from `../flutter_module/.ios/Flutter/FlutterPluginRegistrant`)
  - fluttertoast (from `../flutter_module/.ios/.symlinks/plugins/fluttertoast/ios`)
  - mybatteryplugin (from `../flutter_module/.ios/.symlinks/plugins/mybatteryplugin/ios`)

SPEC REPOS:
  trunk:
    - Toast

EXTERNAL SOURCES:
  Flutter:
    :path: "../flutter_module/.ios/Flutter"
  FlutterPluginRegistrant:
    :path: "../flutter_module/.ios/Flutter/FlutterPluginRegistrant"
  fluttertoast:
    :path: "../flutter_module/.ios/.symlinks/plugins/fluttertoast/ios"
  mybatteryplugin:
    :path: "../flutter_module/.ios/.symlinks/plugins/mybatteryplugin/ios"

SPEC CHECKSUMS:
  Flutter: e0871f40cf51350855a761d2e70bf5af5b9b5de7
  FlutterPluginRegistrant: 6fddbfba9ad392d6b4c3b525717b14f8e3666834
  fluttertoast: e9a18c7be5413da53898f660530c56f35edfba9c
  mybatteryplugin: 03b06b24caecf120119e36f74b451325f555a1d8
  Toast: 1f5ea13423a1e6674c4abdac5be53587ae481c4e

PODFILE CHECKSUM: 84a0d2b344895187376de9f4f01dad88140a6254

COCOAPODS: 1.16.2
