PODS:
  - Alamofire (5.9.1)
  - AppsFlyerFramework (6.15.3):
    - AppsFlyerFramework/Main (= 6.15.3)
  - AppsFlyerFramework/Main (6.15.3)
  - BiometricAuthentication (3.1.3)
  - CocoaLumberjack (3.8.5):
    - CocoaLumberjack/Core (= 3.8.5)
  - CocoaLumberjack/Core (3.8.5)
  - DateToolsSwift (5.0.0)
  - Device (3.7.0)
  - Differentiator (5.0.0)
  - FBAEMKit (16.3.1):
    - FBSDKCoreKit_Basics (= 16.3.1)
  - FBSDKCoreKit (16.3.1):
    - FBAEMKit (= 16.3.1)
    - FBSDKCoreKit_Basics (= 16.3.1)
  - FBSDKCoreKit_Basics (16.3.1)
  - Firebase/Analytics (10.25.0):
    - Firebase/Core
  - Firebase/Auth (10.25.0):
    - Firebase/CoreOnly
    - FirebaseAuth (~> 10.25.0)
  - Firebase/Core (10.25.0):
    - Firebase/CoreOnly
    - FirebaseAnalytics (~> 10.25.0)
  - Firebase/CoreOnly (10.25.0):
    - FirebaseCore (= 10.25.0)
  - Firebase/Crashlytics (10.25.0):
    - Firebase/CoreOnly
    - FirebaseCrashlytics (~> 10.25.0)
  - Firebase/DynamicLinks (10.25.0):
    - Firebase/CoreOnly
    - FirebaseDynamicLinks (~> 10.25.0)
  - Firebase/InAppMessaging (10.25.0):
    - Firebase/CoreOnly
    - FirebaseInAppMessaging (~> 10.25.0-beta)
  - Firebase/Messaging (10.25.0):
    - Firebase/CoreOnly
    - FirebaseMessaging (~> 10.25.0)
  - Firebase/RemoteConfig (10.25.0):
    - Firebase/CoreOnly
    - FirebaseRemoteConfig (~> 10.25.0)
  - firebase_core (2.32.0):
    - Firebase/CoreOnly (= 10.25.0)
    - Flutter
  - firebase_remote_config (4.4.7):
    - Firebase/RemoteConfig (= 10.25.0)
    - firebase_core
    - Flutter
  - FirebaseABTesting (10.29.0):
    - FirebaseCore (~> 10.0)
  - FirebaseAnalytics (10.25.0):
    - FirebaseAnalytics/AdIdSupport (= 10.25.0)
    - FirebaseCore (~> 10.0)
    - FirebaseInstallations (~> 10.0)
    - GoogleUtilities/AppDelegateSwizzler (~> 7.11)
    - GoogleUtilities/MethodSwizzler (~> 7.11)
    - GoogleUtilities/Network (~> 7.11)
    - "GoogleUtilities/NSData+zlib (~> 7.11)"
    - nanopb (< 2.30911.0, >= 2.30908.0)
  - FirebaseAnalytics/AdIdSupport (10.25.0):
    - FirebaseCore (~> 10.0)
    - FirebaseInstallations (~> 10.0)
    - GoogleAppMeasurement (= 10.25.0)
    - GoogleUtilities/AppDelegateSwizzler (~> 7.11)
    - GoogleUtilities/MethodSwizzler (~> 7.11)
    - GoogleUtilities/Network (~> 7.11)
    - "GoogleUtilities/NSData+zlib (~> 7.11)"
    - nanopb (< 2.30911.0, >= 2.30908.0)
  - FirebaseAnalyticsOnDeviceConversion (11.6.0):
    - GoogleAppMeasurementOnDeviceConversion (= 11.6.0)
  - FirebaseAppCheckInterop (10.29.0)
  - FirebaseAuth (10.25.0):
    - FirebaseAppCheckInterop (~> 10.17)
    - FirebaseCore (~> 10.0)
    - GoogleUtilities/AppDelegateSwizzler (~> 7.8)
    - GoogleUtilities/Environment (~> 7.8)
    - GTMSessionFetcher/Core (< 4.0, >= 2.1)
    - RecaptchaInterop (~> 100.0)
  - FirebaseCore (10.25.0):
    - FirebaseCoreInternal (~> 10.0)
    - GoogleUtilities/Environment (~> 7.12)
    - GoogleUtilities/Logger (~> 7.12)
  - FirebaseCoreExtension (10.29.0):
    - FirebaseCore (~> 10.0)
  - FirebaseCoreInternal (10.29.0):
    - "GoogleUtilities/NSData+zlib (~> 7.8)"
  - FirebaseCrashlytics (10.25.0):
    - FirebaseCore (~> 10.5)
    - FirebaseInstallations (~> 10.0)
    - FirebaseRemoteConfigInterop (~> 10.23)
    - FirebaseSessions (~> 10.5)
    - GoogleDataTransport (~> 9.2)
    - GoogleUtilities/Environment (~> 7.8)
    - nanopb (< 2.30911.0, >= 2.30908.0)
    - PromisesObjC (~> 2.1)
  - FirebaseDynamicLinks (10.25.0):
    - FirebaseCore (~> 10.0)
  - FirebaseInAppMessaging (10.25.0-beta):
    - FirebaseABTesting (~> 10.0)
    - FirebaseCore (~> 10.0)
    - FirebaseInstallations (~> 10.0)
    - GoogleUtilities/Environment (~> 7.13)
    - GoogleUtilities/UserDefaults (~> 7.13)
    - nanopb (< 2.30911.0, >= 2.30908.0)
  - FirebaseInstallations (10.29.0):
    - FirebaseCore (~> 10.0)
    - GoogleUtilities/Environment (~> 7.8)
    - GoogleUtilities/UserDefaults (~> 7.8)
    - PromisesObjC (~> 2.1)
  - FirebaseMessaging (10.25.0):
    - FirebaseCore (~> 10.0)
    - FirebaseInstallations (~> 10.0)
    - GoogleDataTransport (~> 9.3)
    - GoogleUtilities/AppDelegateSwizzler (~> 7.8)
    - GoogleUtilities/Environment (~> 7.8)
    - GoogleUtilities/Reachability (~> 7.8)
    - GoogleUtilities/UserDefaults (~> 7.8)
    - nanopb (< 2.30911.0, >= 2.30908.0)
  - FirebaseRemoteConfig (10.25.0):
    - FirebaseABTesting (~> 10.0)
    - FirebaseCore (~> 10.0)
    - FirebaseInstallations (~> 10.0)
    - FirebaseRemoteConfigInterop (~> 10.23)
    - FirebaseSharedSwift (~> 10.0)
    - GoogleUtilities/Environment (~> 7.8)
    - "GoogleUtilities/NSData+zlib (~> 7.8)"
  - FirebaseRemoteConfigInterop (10.29.0)
  - FirebaseSessions (10.29.0):
    - FirebaseCore (~> 10.5)
    - FirebaseCoreExtension (~> 10.0)
    - FirebaseInstallations (~> 10.0)
    - GoogleDataTransport (~> 9.2)
    - GoogleUtilities/Environment (~> 7.13)
    - GoogleUtilities/UserDefaults (~> 7.13)
    - nanopb (< 2.30911.0, >= 2.30908.0)
    - PromisesSwift (~> 2.1)
  - FirebaseSharedSwift (10.29.0)
  - Flutter (1.0.0)
  - FlutterPluginRegistrant (0.0.1):
    - firebase_core
    - firebase_remote_config
    - Flutter
    - fluttertoast
    - mybatteryplugin
  - fluttertoast (0.0.2):
    - Flutter
    - Toast
  - GoogleAppMeasurement (10.25.0):
    - GoogleAppMeasurement/AdIdSupport (= 10.25.0)
    - GoogleUtilities/AppDelegateSwizzler (~> 7.11)
    - GoogleUtilities/MethodSwizzler (~> 7.11)
    - GoogleUtilities/Network (~> 7.11)
    - "GoogleUtilities/NSData+zlib (~> 7.11)"
    - nanopb (< 2.30911.0, >= 2.30908.0)
  - GoogleAppMeasurement/AdIdSupport (10.25.0):
    - GoogleAppMeasurement/WithoutAdIdSupport (= 10.25.0)
    - GoogleUtilities/AppDelegateSwizzler (~> 7.11)
    - GoogleUtilities/MethodSwizzler (~> 7.11)
    - GoogleUtilities/Network (~> 7.11)
    - "GoogleUtilities/NSData+zlib (~> 7.11)"
    - nanopb (< 2.30911.0, >= 2.30908.0)
  - GoogleAppMeasurement/WithoutAdIdSupport (10.25.0):
    - GoogleUtilities/AppDelegateSwizzler (~> 7.11)
    - GoogleUtilities/MethodSwizzler (~> 7.11)
    - GoogleUtilities/Network (~> 7.11)
    - "GoogleUtilities/NSData+zlib (~> 7.11)"
    - nanopb (< 2.30911.0, >= 2.30908.0)
  - GoogleAppMeasurementOnDeviceConversion (11.6.0)
  - GoogleDataTransport (9.4.1):
    - GoogleUtilities/Environment (~> 7.7)
    - nanopb (< 2.30911.0, >= 2.30908.0)
    - PromisesObjC (< 3.0, >= 1.2)
  - GoogleUtilities/AppDelegateSwizzler (7.13.3):
    - GoogleUtilities/Environment
    - GoogleUtilities/Logger
    - GoogleUtilities/Network
    - GoogleUtilities/Privacy
  - GoogleUtilities/Environment (7.13.3):
    - GoogleUtilities/Privacy
    - PromisesObjC (< 3.0, >= 1.2)
  - GoogleUtilities/Logger (7.13.3):
    - GoogleUtilities/Environment
    - GoogleUtilities/Privacy
  - GoogleUtilities/MethodSwizzler (7.13.3):
    - GoogleUtilities/Logger
    - GoogleUtilities/Privacy
  - GoogleUtilities/Network (7.13.3):
    - GoogleUtilities/Logger
    - "GoogleUtilities/NSData+zlib"
    - GoogleUtilities/Privacy
    - GoogleUtilities/Reachability
  - "GoogleUtilities/NSData+zlib (7.13.3)":
    - GoogleUtilities/Privacy
  - GoogleUtilities/Privacy (7.13.3)
  - GoogleUtilities/Reachability (7.13.3):
    - GoogleUtilities/Logger
    - GoogleUtilities/Privacy
  - GoogleUtilities/UserDefaults (7.13.3):
    - GoogleUtilities/Logger
    - GoogleUtilities/Privacy
  - GTMSessionFetcher/Core (3.5.0)
  - Hex (6.1.0)
  - Intercom (16.6.2)
  - IQKeyboardManagerSwift (6.5.16)
  - KDCircularProgress (1.5.4)
  - Kingfisher (7.10.2)
  - lottie-ios (4.4.3)
  - MHLoadingButton (0.1.3)
  - MoEngage-iOS-SDK (9.17.5)
  - MoEngageInApp (6.00.3):
    - MoEngage-iOS-SDK (< 9.18.0, >= 9.17.1)
    - MoEngageTriggerEvaluator (< 1.02.0, >= 1.01.0)
  - MoEngageTriggerEvaluator (1.01.1):
    - MoEngage-iOS-SDK (< 9.18.0, >= 9.17.0)
  - mParticle-Apple-SDK (8.20.0):
    - mParticle-Apple-SDK/mParticle (= 8.20.0)
  - mParticle-Apple-SDK/mParticle (8.20.0)
  - mParticle-AppsFlyer (8.4.1):
    - AppsFlyerFramework (~> 6.14)
    - mParticle-Apple-SDK/mParticle (~> 8.19)
  - mParticle-Google-Analytics-Firebase-GA4 (8.4.1):
    - Firebase/Core (~> 10.23)
    - mParticle-Apple-SDK/mParticle (~> 8.0)
  - mybatteryplugin (0.0.1):
    - Flutter
  - nanopb (2.30910.0):
    - nanopb/decode (= 2.30910.0)
    - nanopb/encode (= 2.30910.0)
  - nanopb/decode (2.30910.0)
  - nanopb/encode (2.30910.0)
  - "NSObject+Rx (5.2.2)":
    - RxSwift (~> 6.2)
  - PromiseKit (6.18.1):
    - PromiseKit/CorePromise (= 6.18.1)
    - PromiseKit/Foundation (= 6.18.1)
    - PromiseKit/UIKit (= 6.18.1)
  - PromiseKit/CorePromise (6.18.1)
  - PromiseKit/Foundation (6.18.1):
    - PromiseKit/CorePromise
  - PromiseKit/UIKit (6.18.1):
    - PromiseKit/CorePromise
  - PromisesObjC (2.4.0)
  - PromisesSwift (2.4.0):
    - PromisesObjC (= 2.4.0)
  - PullToRefreshKit (0.8.8)
  - RecaptchaInterop (100.0.0)
  - RxCocoa (6.8.0):
    - RxRelay (= 6.8.0)
    - RxSwift (= 6.8.0)
  - RxDataSources (5.0.0):
    - Differentiator (~> 5.0)
    - RxCocoa (~> 6.0)
    - RxSwift (~> 6.0)
  - RxGesture (4.0.4):
    - RxCocoa (~> 6.0)
    - RxSwift (~> 6.0)
  - RxKeyboard (2.0.0):
    - RxCocoa (~> 6.0)
    - RxSwift (~> 6.0)
  - RxOptional (5.0.6):
    - RxCocoa (~> 6.0)
    - RxSwift (~> 6.0)
  - RxRelay (6.8.0):
    - RxSwift (= 6.8.0)
  - RxSwift (6.8.0)
  - SearchTextField (1.2.4)
  - SnapKit (5.7.1)
  - SVGKit (3.0.0):
    - CocoaLumberjack (~> 3.0)
  - SVProgressHUD (2.3.1):
    - SVProgressHUD/Core (= 2.3.1)
  - SVProgressHUD/Core (2.3.1)
  - SwiftEntryKit (2.0.0)
  - SwiftGen (6.6.3)
  - SwiftKeychainWrapper (4.0.1)
  - SwiftLint (0.50.3)
  - SwiftyAttributes (5.3.0)
  - Swinject (2.8.8)
  - Toast (4.1.1)
  - TrustKit (3.0.4)
  - "UITextView+Placeholder (1.4.0)"
  - UIView-Shimmer (1.0.4)
  - VisualEffectView (4.1.5)

DEPENDENCIES:
  - Alamofire (~> 5.9.0)
  - BiometricAuthentication (~> 3.1.3)
  - DateToolsSwift (~> 5.0.0)
  - Device (~> 3.6)
  - FBSDKCoreKit (~> 16.3)
  - Firebase/Analytics
  - Firebase/Auth (~> 10.25)
  - Firebase/Core (~> 10.25)
  - Firebase/Crashlytics (~> 10.25)
  - Firebase/DynamicLinks (~> 10.25)
  - Firebase/InAppMessaging
  - Firebase/Messaging (~> 10.25)
  - Firebase/RemoteConfig (~> 10.25)
  - firebase_core (from `../flutter_module/.ios/.symlinks/plugins/firebase_core/ios`)
  - firebase_remote_config (from `../flutter_module/.ios/.symlinks/plugins/firebase_remote_config/ios`)
  - FirebaseAnalyticsOnDeviceConversion
  - Flutter (from `../flutter_module/.ios/Flutter`)
  - FlutterPluginRegistrant (from `../flutter_module/.ios/Flutter/FlutterPluginRegistrant`)
  - fluttertoast (from `../flutter_module/.ios/.symlinks/plugins/fluttertoast/ios`)
  - Hex (~> 6.1.0)
  - Intercom (~> 16.6)
  - IQKeyboardManagerSwift (~> 6.5.11)
  - KDCircularProgress (~> 1.5.4)
  - Kingfisher (~> 7.10.2)
  - lottie-ios (~> 4.4.1)
  - MHLoadingButton (~> 0.1.3)
  - MoEngage-iOS-SDK (~> 9.17.5)
  - MoEngageInApp (~> 6.0.3)
  - mParticle-Apple-SDK (~> 8.20.0)
  - mParticle-AppsFlyer
  - mParticle-Google-Analytics-Firebase-GA4 (~> 8.4.0)
  - mybatteryplugin (from `../flutter_module/.ios/.symlinks/plugins/mybatteryplugin/ios`)
  - "NSObject+Rx"
  - PromiseKit (~> 6.18.1)
  - PullToRefreshKit (~> 0.8.8)
  - RxCocoa
  - RxDataSources
  - RxGesture
  - RxKeyboard
  - RxOptional
  - RxSwift (~> 6.6)
  - SearchTextField (~> 1.2.4)
  - SnapKit (~> 5.7.1)
  - SVGKit (~> 3.0.0)
  - SVProgressHUD (~> 2.3.1)
  - SwiftEntryKit (~> 2.0.0)
  - SwiftGen (~> 6.6.2)
  - SwiftKeychainWrapper (~> 4.0.1)
  - SwiftLint (~> 0.50.3)
  - SwiftyAttributes (~> 5.3.0)
  - Swinject (~> 2.8.3)
  - TrustKit (~> 3.0.3)
  - "UITextView+Placeholder (~> 1.4.0)"
  - UIView-Shimmer (~> 1.0.4)
  - VisualEffectView (~> 4.1.4)

SPEC REPOS:
  trunk:
    - Alamofire
    - AppsFlyerFramework
    - BiometricAuthentication
    - CocoaLumberjack
    - DateToolsSwift
    - Device
    - Differentiator
    - FBAEMKit
    - FBSDKCoreKit
    - FBSDKCoreKit_Basics
    - Firebase
    - FirebaseABTesting
    - FirebaseAnalytics
    - FirebaseAnalyticsOnDeviceConversion
    - FirebaseAppCheckInterop
    - FirebaseAuth
    - FirebaseCore
    - FirebaseCoreExtension
    - FirebaseCoreInternal
    - FirebaseCrashlytics
    - FirebaseDynamicLinks
    - FirebaseInAppMessaging
    - FirebaseInstallations
    - FirebaseMessaging
    - FirebaseRemoteConfig
    - FirebaseRemoteConfigInterop
    - FirebaseSessions
    - FirebaseSharedSwift
    - GoogleAppMeasurement
    - GoogleAppMeasurementOnDeviceConversion
    - GoogleDataTransport
    - GoogleUtilities
    - GTMSessionFetcher
    - Hex
    - Intercom
    - IQKeyboardManagerSwift
    - KDCircularProgress
    - Kingfisher
    - lottie-ios
    - MHLoadingButton
    - MoEngage-iOS-SDK
    - MoEngageInApp
    - MoEngageTriggerEvaluator
    - mParticle-Apple-SDK
    - mParticle-AppsFlyer
    - mParticle-Google-Analytics-Firebase-GA4
    - nanopb
    - "NSObject+Rx"
    - PromiseKit
    - PromisesObjC
    - PromisesSwift
    - PullToRefreshKit
    - RecaptchaInterop
    - RxCocoa
    - RxDataSources
    - RxGesture
    - RxKeyboard
    - RxOptional
    - RxRelay
    - RxSwift
    - SearchTextField
    - SnapKit
    - SVGKit
    - SVProgressHUD
    - SwiftEntryKit
    - SwiftGen
    - SwiftKeychainWrapper
    - SwiftLint
    - SwiftyAttributes
    - Swinject
    - Toast
    - TrustKit
    - "UITextView+Placeholder"
    - UIView-Shimmer
    - VisualEffectView

EXTERNAL SOURCES:
  firebase_core:
    :path: "../flutter_module/.ios/.symlinks/plugins/firebase_core/ios"
  firebase_remote_config:
    :path: "../flutter_module/.ios/.symlinks/plugins/firebase_remote_config/ios"
  Flutter:
    :path: "../flutter_module/.ios/Flutter"
  FlutterPluginRegistrant:
    :path: "../flutter_module/.ios/Flutter/FlutterPluginRegistrant"
  fluttertoast:
    :path: "../flutter_module/.ios/.symlinks/plugins/fluttertoast/ios"
  mybatteryplugin:
    :path: "../flutter_module/.ios/.symlinks/plugins/mybatteryplugin/ios"

SPEC CHECKSUMS:
  Alamofire: f36a35757af4587d8e4f4bfa223ad10be2422b8c
  AppsFlyerFramework: ad7ff0d22aa36c7f8cc4f71a5424e19b89ccb8ae
  BiometricAuthentication: b63d51be9260ba94165e032829ae78f074b129df
  CocoaLumberjack: 6a459bc897d6d80bd1b8c78482ec7ad05dffc3f0
  DateToolsSwift: 4207ada6ad615d8dc076323d27037c94916dbfa6
  Device: acf18785fd7359aca095040e9c4745caf33b9cf1
  Differentiator: e8497ceab83c1b10ca233716d547b9af21b9344d
  FBAEMKit: 6c7b5eb77c96861bb59e040842c6e55bf39512ce
  FBSDKCoreKit: 5e4dd478947ab1bcc887e8cfadeae0727af1a942
  FBSDKCoreKit_Basics: cd7b5f5d1e8868c26706917919d058999ca672c3
  Firebase: 0312a2352584f782ea56f66d91606891d4607f06
  firebase_core: a626d00494efa398e7c54f25f1454a64c8abf197
  firebase_remote_config: 7b05c80210ab558c80f7a756681022b4ee98eea0
  FirebaseABTesting: d87f56707159bae64e269757a6e963d490f2eebe
  FirebaseAnalytics: ec00fe8b93b41dc6fe4a28784b8e51da0647a248
  FirebaseAnalyticsOnDeviceConversion: c8f3f6b0b1bb5a4b5c4e35d649648fdfd732c46c
  FirebaseAppCheckInterop: 6a1757cfd4067d8e00fccd14fcc1b8fd78cfac07
  FirebaseAuth: c0f93dcc570c9da2bffb576969d793e95c344fbb
  FirebaseCore: 7ec4d0484817f12c3373955bc87762d96842d483
  FirebaseCoreExtension: 705ca5b14bf71d2564a0ddc677df1fc86ffa600f
  FirebaseCoreInternal: df84dd300b561c27d5571684f389bf60b0a5c934
  FirebaseCrashlytics: 4b96efb0ce73b38b2a85e8b8bd1bd8f63f09d015
  FirebaseDynamicLinks: 12c9f5b643943e0565ed28080373f89cbcb914a3
  FirebaseInAppMessaging: 7baba5c4610a12f0cadd6da00e1b3c90495f105b
  FirebaseInstallations: 913cf60d0400ebd5d6b63a28b290372ab44590dd
  FirebaseMessaging: 88950ba9485052891ebe26f6c43a52bb62248952
  FirebaseRemoteConfig: 9f3935cefecd85d5b312192117f444957de24a75
  FirebaseRemoteConfigInterop: 6efda51fb5e2f15b16585197e26eaa09574e8a4d
  FirebaseSessions: dbd14adac65ce996228652c1fc3a3f576bdf3ecc
  FirebaseSharedSwift: 20530f495084b8d840f78a100d8c5ee613375f6e
  Flutter: e0871f40cf51350855a761d2e70bf5af5b9b5de7
  FlutterPluginRegistrant: ebdb2de11b2287ca62fa9e39acdb7e766d217274
  fluttertoast: e9a18c7be5413da53898f660530c56f35edfba9c
  GoogleAppMeasurement: 9abf64b682732fed36da827aa2a68f0221fd2356
  GoogleAppMeasurementOnDeviceConversion: 006767eb4d74dd79c17c028e6faf7a52012238c5
  GoogleDataTransport: 6c09b596d841063d76d4288cc2d2f42cc36e1e2a
  GoogleUtilities: ea963c370a38a8069cc5f7ba4ca849a60b6d7d15
  GTMSessionFetcher: 5aea5ba6bd522a239e236100971f10cb71b96ab6
  Hex: 2f67dd0cbb178cb24992e7529b025b8d16ff0bdc
  Intercom: 5c88ae8fa11081abfae2062a54e5074f9831d894
  IQKeyboardManagerSwift: 12d89768845bb77b55cc092ecc2b1f9370f06b76
  KDCircularProgress: 98200c6b8e85d22bc04eb644721d3b1e12b0686b
  Kingfisher: 99edc495d3b7607e6425f0d6f6847b2abd6d716d
  lottie-ios: fcb5e73e17ba4c983140b7d21095c834b3087418
  MHLoadingButton: 13bab47a3ce9d88df15638b7a5b73a8ac9f21077
  MoEngage-iOS-SDK: aeb31076a11030d63dd67c3dbd712a6aa56507c5
  MoEngageInApp: cfa846bdca03334148996b3ebb4065439b6da461
  MoEngageTriggerEvaluator: fea5448dd4545e427f4e01caa0bc5bef50896573
  mParticle-Apple-SDK: 6ce5c392edf86e7c12f7147812729cd80c112e6e
  mParticle-AppsFlyer: 5ba4b9477e4bf10a4012a3ddf10b3ea4c6a74c3f
  mParticle-Google-Analytics-Firebase-GA4: 16427d3672c306e1ef168d2a1ac3eaf79b5f224a
  mybatteryplugin: 03b06b24caecf120119e36f74b451325f555a1d8
  nanopb: 438bc412db1928dac798aa6fd75726007be04262
  "NSObject+Rx": 61cf1f7306a73dcef8b36649198af0813ec18dfd
  PromiseKit: 49d70c53d5d20e346beaea4b276b5dd2ab446bb4
  PromisesObjC: f5707f49cb48b9636751c5b2e7d227e43fba9f47
  PromisesSwift: 9d77319bbe72ebf6d872900551f7eeba9bce2851
  PullToRefreshKit: 7cc53e720e69f135cffa1a57784dfb534f0222ab
  RecaptchaInterop: 7d1a4a01a6b2cb1610a47ef3f85f0c411434cb21
  RxCocoa: 2d33c1e1e5d66492052ad46b11024ae287572880
  RxDataSources: aa47cc1ed6c500fa0dfecac5c979b723542d79cf
  RxGesture: f3efb47ed2d26a8082f7b660d4a59970e275a7f8
  RxKeyboard: 4f5863f43b4ff0cbb2a20b94688d6b80c8a43c14
  RxOptional: 337ba615992ffdeffea02d6a5a242358757bbfcd
  RxRelay: 335c78b926a2aea8d863a6d25f1ed3b5ad8e8705
  RxSwift: 4e28be97cbcfeee614af26d83415febbf2bf6f45
  SearchTextField: 40dc3cc57def5a211f263cac263622c163bbc25a
  SnapKit: d612e99e678a2d3b95bf60b0705ed0a35c03484a
  SVGKit: 1ad7513f8c74d9652f94ed64ddecda1a23864dea
  SVProgressHUD: 4837c74bdfe2e51e8821c397825996a8d7de6e22
  SwiftEntryKit: 61b5fa36f34a97dd8013e48a7345bc4c4720be9a
  SwiftGen: 4993cbf71cbc4886f775e26f8d5c3a1188ec9f99
  SwiftKeychainWrapper: 807ba1d63c33a7d0613288512399cd1eda1e470c
  SwiftLint: 77f7cb2b9bb81ab4a12fcc86448ba3f11afa50c6
  SwiftyAttributes: 6d7386e90ac611b6acac8b59e38f34bfa4621c80
  Swinject: 2943463cdd58b49f114213bf1ce4a09f374828e7
  Toast: 1f5ea13423a1e6674c4abdac5be53587ae481c4e
  TrustKit: 403e8d2cfbff2abfc37cd41acc558dab8ec78e59
  "UITextView+Placeholder": d7b0c400921f66523f3a85d74f774512e14f6502
  UIView-Shimmer: ff0a32c73d67c7dbdea3d9e530538b10d18aea56
  VisualEffectView: 333acded3f79d088ae44aff57d5f3a62554e37b6

PODFILE CHECKSUM: dce303aebc0e75a686dbb42408657a9ae2a33296

COCOAPODS: 1.16.2
